// !$*UTF8*$!
{
	archiveVersion = 1;
	classes = {
	};
	objectVersion = 51;
	objects = {

/* Begin PBXBuildFile section */
		1C7CCC000A7CCD32E76015C1 /* Pods_MapApp.framework in Frameworks */ = {isa = PBXBuildFile; fileRef = BED63AC9D3D50748301DDA32 /* Pods_MapApp.framework */; };
		4D319C14261DCB0D0079D287 /* DetailModalViewController.swift in Sources */ = {isa = PBXBuildFile; fileRef = 4D319C12261DCB0C0079D287 /* DetailModalViewController.swift */; };
		4D319C15261DCB0D0079D287 /* DetailModalViewController.xib in Resources */ = {isa = PBXBuildFile; fileRef = 4D319C13261DCB0C0079D287 /* DetailModalViewController.xib */; };
		729D72B27657ACFE45A5011C /* Pods_MapAppTests.framework in Frameworks */ = {isa = PBXBuildFile; fileRef = 0AB0E38358FB24E9A17D8044 /* Pods_MapAppTests.framework */; };
		940E944625F7573F00632393 /* SelectPlaceViewController.swift in Sources */ = {isa = PBXBuildFile; fileRef = 940E944425F7573F00632393 /* SelectPlaceViewController.swift */; };
		940E944725F7573F00632393 /* SelectPlaceViewController.xib in Resources */ = {isa = PBXBuildFile; fileRef = 940E944525F7573F00632393 /* SelectPlaceViewController.xib */; };
		940E944C25F795BF00632393 /* MapModel.swift in Sources */ = {isa = PBXBuildFile; fileRef = 940E944B25F795BF00632393 /* MapModel.swift */; };
		947838892621709C00AE513A /* PoiItem.swift in Sources */ = {isa = PBXBuildFile; fileRef = 947838882621709C00AE513A /* PoiItem.swift */; };
		9478388F2633C88B00AE513A /* EditViewController.swift in Sources */ = {isa = PBXBuildFile; fileRef = 9478388D2633C88B00AE513A /* EditViewController.swift */; };
		947838902633C88B00AE513A /* EditViewController.xib in Resources */ = {isa = PBXBuildFile; fileRef = 9478388E2633C88B00AE513A /* EditViewController.xib */; };
		949E414825EA5D6C00A6DD75 /* TopHalfModalViewController.swift in Sources */ = {isa = PBXBuildFile; fileRef = 949E414625EA5D6C00A6DD75 /* TopHalfModalViewController.swift */; };
		949E414925EA5D6C00A6DD75 /* TopHalfModalViewController.xib in Resources */ = {isa = PBXBuildFile; fileRef = 949E414725EA5D6C00A6DD75 /* TopHalfModalViewController.xib */; };
		949E90E825F507A0002461EE /* AddViewController.swift in Sources */ = {isa = PBXBuildFile; fileRef = 949E90E625F507A0002461EE /* AddViewController.swift */; };
		949E90E925F507A0002461EE /* AddViewController.xib in Resources */ = {isa = PBXBuildFile; fileRef = 949E90E725F507A0002461EE /* AddViewController.xib */; };
		94A4F64E25E23E2800BD0320 /* AppDelegate.swift in Sources */ = {isa = PBXBuildFile; fileRef = 94A4F64D25E23E2800BD0320 /* AppDelegate.swift */; };
		94A4F65725E23E2A00BD0320 /* Assets.xcassets in Resources */ = {isa = PBXBuildFile; fileRef = 94A4F65625E23E2A00BD0320 /* Assets.xcassets */; };
		94A4F65A25E23E2A00BD0320 /* LaunchScreen.storyboard in Resources */ = {isa = PBXBuildFile; fileRef = 94A4F65825E23E2A00BD0320 /* LaunchScreen.storyboard */; };
		94A4F66525E23E2A00BD0320 /* MapAppTests.swift in Sources */ = {isa = PBXBuildFile; fileRef = 94A4F66425E23E2A00BD0320 /* MapAppTests.swift */; };
		94A4F67025E23E2A00BD0320 /* MapAppUITests.swift in Sources */ = {isa = PBXBuildFile; fileRef = 94A4F66F25E23E2A00BD0320 /* MapAppUITests.swift */; };
		94A4F6A925E243B500BD0320 /* GoogleService-Info.plist in Resources */ = {isa = PBXBuildFile; fileRef = 94A4F6A825E243B500BD0320 /* GoogleService-Info.plist */; };
		94A4F6B525E2455C00BD0320 /* ViewController.swift in Sources */ = {isa = PBXBuildFile; fileRef = 94A4F6B325E2455C00BD0320 /* ViewController.swift */; };
		94A4F6B625E2455C00BD0320 /* ViewController.xib in Resources */ = {isa = PBXBuildFile; fileRef = 94A4F6B425E2455C00BD0320 /* ViewController.xib */; };
		94B9134A260EECEA00292165 /* AgreeViewController.swift in Sources */ = {isa = PBXBuildFile; fileRef = 94B91348260EECEA00292165 /* AgreeViewController.swift */; };
		94B9134B260EECEA00292165 /* AgreeViewController.xib in Resources */ = {isa = PBXBuildFile; fileRef = 94B91349260EECEA00292165 /* AgreeViewController.xib */; };
		94B91351260EFADD00292165 /* TermViewController.swift in Sources */ = {isa = PBXBuildFile; fileRef = 94B9134F260EFADD00292165 /* TermViewController.swift */; };
		94B91352260EFADD00292165 /* TermViewController.xib in Resources */ = {isa = PBXBuildFile; fileRef = 94B91350260EFADD00292165 /* TermViewController.xib */; };
		94E227CD2650BAC100183F16 /* SmokingAreaViewController.swift in Sources */ = {isa = PBXBuildFile; fileRef = 94E227CB2650BAC100183F16 /* SmokingAreaViewController.swift */; };
		94E227CE2650BAC100183F16 /* SmokingAreaViewController.xib in Resources */ = {isa = PBXBuildFile; fileRef = 94E227CC2650BAC100183F16 /* SmokingAreaViewController.xib */; };
		94E227D42650C74300183F16 /* TableViewCell.swift in Sources */ = {isa = PBXBuildFile; fileRef = 94E227D22650C74300183F16 /* TableViewCell.swift */; };
		94E227D52650C74300183F16 /* TableViewCell.xib in Resources */ = {isa = PBXBuildFile; fileRef = 94E227D32650C74300183F16 /* TableViewCell.xib */; };
		FBB9B67EF7CAE0956167EE38 /* Pods_MapApp_MapAppUITests.framework in Frameworks */ = {isa = PBXBuildFile; fileRef = 590479228AD17CE7FA47A68D /* Pods_MapApp_MapAppUITests.framework */; };
/* End PBXBuildFile section */

/* Begin PBXContainerItemProxy section */
		94A4F66125E23E2A00BD0320 /* PBXContainerItemProxy */ = {
			isa = PBXContainerItemProxy;
			containerPortal = 94A4F64225E23E2800BD0320 /* Project object */;
			proxyType = 1;
			remoteGlobalIDString = 94A4F64925E23E2800BD0320;
			remoteInfo = MapApp;
		};
		94A4F66C25E23E2A00BD0320 /* PBXContainerItemProxy */ = {
			isa = PBXContainerItemProxy;
			containerPortal = 94A4F64225E23E2800BD0320 /* Project object */;
			proxyType = 1;
			remoteGlobalIDString = 94A4F64925E23E2800BD0320;
			remoteInfo = MapApp;
		};
/* End PBXContainerItemProxy section */

/* Begin PBXFileReference section */
		0798B5B4E0CF0525DF82A670 /* Pods-MapApp.release.xcconfig */ = {isa = PBXFileReference; includeInIndex = 1; lastKnownFileType = text.xcconfig; name = "Pods-MapApp.release.xcconfig"; path = "Target Support Files/Pods-MapApp/Pods-MapApp.release.xcconfig"; sourceTree = "<group>"; };
		0AB0E38358FB24E9A17D8044 /* Pods_MapAppTests.framework */ = {isa = PBXFileReference; explicitFileType = wrapper.framework; includeInIndex = 0; path = Pods_MapAppTests.framework; sourceTree = BUILT_PRODUCTS_DIR; };
		1AA204DF033FE482035D2B15 /* Pods-MapAppTests.release.xcconfig */ = {isa = PBXFileReference; includeInIndex = 1; lastKnownFileType = text.xcconfig; name = "Pods-MapAppTests.release.xcconfig"; path = "Target Support Files/Pods-MapAppTests/Pods-MapAppTests.release.xcconfig"; sourceTree = "<group>"; };
		1EE1D26CAA91D3358AC90B8B /* Pods-MapApp-MapAppUITests.debug.xcconfig */ = {isa = PBXFileReference; includeInIndex = 1; lastKnownFileType = text.xcconfig; name = "Pods-MapApp-MapAppUITests.debug.xcconfig"; path = "Target Support Files/Pods-MapApp-MapAppUITests/Pods-MapApp-MapAppUITests.debug.xcconfig"; sourceTree = "<group>"; };
		38AA23DE2FB2A3F00B740734 /* Pods-MapApp-MapAppUITests.release.xcconfig */ = {isa = PBXFileReference; includeInIndex = 1; lastKnownFileType = text.xcconfig; name = "Pods-MapApp-MapAppUITests.release.xcconfig"; path = "Target Support Files/Pods-MapApp-MapAppUITests/Pods-MapApp-MapAppUITests.release.xcconfig"; sourceTree = "<group>"; };
		4D319C12261DCB0C0079D287 /* DetailModalViewController.swift */ = {isa = PBXFileReference; lastKnownFileType = sourcecode.swift; path = DetailModalViewController.swift; sourceTree = "<group>"; };
		4D319C13261DCB0C0079D287 /* DetailModalViewController.xib */ = {isa = PBXFileReference; lastKnownFileType = file.xib; path = DetailModalViewController.xib; sourceTree = "<group>"; };
		590479228AD17CE7FA47A68D /* Pods_MapApp_MapAppUITests.framework */ = {isa = PBXFileReference; explicitFileType = wrapper.framework; includeInIndex = 0; path = Pods_MapApp_MapAppUITests.framework; sourceTree = BUILT_PRODUCTS_DIR; };
		5CAEBEFEBCA764DD097CE1E6 /* Pods-MapAppTests.debug.xcconfig */ = {isa = PBXFileReference; includeInIndex = 1; lastKnownFileType = text.xcconfig; name = "Pods-MapAppTests.debug.xcconfig"; path = "Target Support Files/Pods-MapAppTests/Pods-MapAppTests.debug.xcconfig"; sourceTree = "<group>"; };
		694F71D003EFEB0D1E7A8A92 /* Pods-MapApp.debug.xcconfig */ = {isa = PBXFileReference; includeInIndex = 1; lastKnownFileType = text.xcconfig; name = "Pods-MapApp.debug.xcconfig"; path = "Target Support Files/Pods-MapApp/Pods-MapApp.debug.xcconfig"; sourceTree = "<group>"; };
		940E944425F7573F00632393 /* SelectPlaceViewController.swift */ = {isa = PBXFileReference; lastKnownFileType = sourcecode.swift; path = SelectPlaceViewController.swift; sourceTree = "<group>"; };
		940E944525F7573F00632393 /* SelectPlaceViewController.xib */ = {isa = PBXFileReference; lastKnownFileType = file.xib; path = SelectPlaceViewController.xib; sourceTree = "<group>"; };
		940E944B25F795BF00632393 /* MapModel.swift */ = {isa = PBXFileReference; lastKnownFileType = sourcecode.swift; path = MapModel.swift; sourceTree = "<group>"; };
		947838882621709C00AE513A /* PoiItem.swift */ = {isa = PBXFileReference; lastKnownFileType = sourcecode.swift; path = PoiItem.swift; sourceTree = "<group>"; };
		9478388D2633C88B00AE513A /* EditViewController.swift */ = {isa = PBXFileReference; lastKnownFileType = sourcecode.swift; path = EditViewController.swift; sourceTree = "<group>"; };
		9478388E2633C88B00AE513A /* EditViewController.xib */ = {isa = PBXFileReference; lastKnownFileType = file.xib; path = EditViewController.xib; sourceTree = "<group>"; };
		949E414625EA5D6C00A6DD75 /* TopHalfModalViewController.swift */ = {isa = PBXFileReference; lastKnownFileType = sourcecode.swift; path = TopHalfModalViewController.swift; sourceTree = "<group>"; };
		949E414725EA5D6C00A6DD75 /* TopHalfModalViewController.xib */ = {isa = PBXFileReference; lastKnownFileType = file.xib; path = TopHalfModalViewController.xib; sourceTree = "<group>"; };
		949E90E625F507A0002461EE /* AddViewController.swift */ = {isa = PBXFileReference; lastKnownFileType = sourcecode.swift; path = AddViewController.swift; sourceTree = "<group>"; };
		949E90E725F507A0002461EE /* AddViewController.xib */ = {isa = PBXFileReference; lastKnownFileType = file.xib; path = AddViewController.xib; sourceTree = "<group>"; };
		94A4F64A25E23E2800BD0320 /* MapApp.app */ = {isa = PBXFileReference; explicitFileType = wrapper.application; includeInIndex = 0; path = MapApp.app; sourceTree = BUILT_PRODUCTS_DIR; };
		94A4F64D25E23E2800BD0320 /* AppDelegate.swift */ = {isa = PBXFileReference; lastKnownFileType = sourcecode.swift; path = AppDelegate.swift; sourceTree = "<group>"; };
		94A4F65625E23E2A00BD0320 /* Assets.xcassets */ = {isa = PBXFileReference; lastKnownFileType = folder.assetcatalog; path = Assets.xcassets; sourceTree = "<group>"; };
		94A4F65925E23E2A00BD0320 /* Base */ = {isa = PBXFileReference; lastKnownFileType = file.storyboard; name = Base; path = Base.lproj/LaunchScreen.storyboard; sourceTree = "<group>"; };
		94A4F65B25E23E2A00BD0320 /* Info.plist */ = {isa = PBXFileReference; lastKnownFileType = text.plist.xml; path = Info.plist; sourceTree = "<group>"; };
		94A4F66025E23E2A00BD0320 /* MapAppTests.xctest */ = {isa = PBXFileReference; explicitFileType = wrapper.cfbundle; includeInIndex = 0; path = MapAppTests.xctest; sourceTree = BUILT_PRODUCTS_DIR; };
		94A4F66425E23E2A00BD0320 /* MapAppTests.swift */ = {isa = PBXFileReference; lastKnownFileType = sourcecode.swift; path = MapAppTests.swift; sourceTree = "<group>"; };
		94A4F66625E23E2A00BD0320 /* Info.plist */ = {isa = PBXFileReference; lastKnownFileType = text.plist.xml; path = Info.plist; sourceTree = "<group>"; };
		94A4F66B25E23E2A00BD0320 /* MapAppUITests.xctest */ = {isa = PBXFileReference; explicitFileType = wrapper.cfbundle; includeInIndex = 0; path = MapAppUITests.xctest; sourceTree = BUILT_PRODUCTS_DIR; };
		94A4F66F25E23E2A00BD0320 /* MapAppUITests.swift */ = {isa = PBXFileReference; lastKnownFileType = sourcecode.swift; path = MapAppUITests.swift; sourceTree = "<group>"; };
		94A4F67125E23E2A00BD0320 /* Info.plist */ = {isa = PBXFileReference; lastKnownFileType = text.plist.xml; path = Info.plist; sourceTree = "<group>"; };
		94A4F6A825E243B500BD0320 /* GoogleService-Info.plist */ = {isa = PBXFileReference; fileEncoding = 4; lastKnownFileType = text.plist.xml; path = "GoogleService-Info.plist"; sourceTree = "<group>"; };
		94A4F6B325E2455C00BD0320 /* ViewController.swift */ = {isa = PBXFileReference; lastKnownFileType = sourcecode.swift; path = ViewController.swift; sourceTree = "<group>"; };
		94A4F6B425E2455C00BD0320 /* ViewController.xib */ = {isa = PBXFileReference; lastKnownFileType = file.xib; path = ViewController.xib; sourceTree = "<group>"; };
		94B91348260EECEA00292165 /* AgreeViewController.swift */ = {isa = PBXFileReference; lastKnownFileType = sourcecode.swift; path = AgreeViewController.swift; sourceTree = "<group>"; };
		94B91349260EECEA00292165 /* AgreeViewController.xib */ = {isa = PBXFileReference; lastKnownFileType = file.xib; path = AgreeViewController.xib; sourceTree = "<group>"; };
		94B9134F260EFADD00292165 /* TermViewController.swift */ = {isa = PBXFileReference; lastKnownFileType = sourcecode.swift; path = TermViewController.swift; sourceTree = "<group>"; };
		94B91350260EFADD00292165 /* TermViewController.xib */ = {isa = PBXFileReference; lastKnownFileType = file.xib; path = TermViewController.xib; sourceTree = "<group>"; };
		94E227CB2650BAC100183F16 /* SmokingAreaViewController.swift */ = {isa = PBXFileReference; lastKnownFileType = sourcecode.swift; path = SmokingAreaViewController.swift; sourceTree = "<group>"; };
		94E227CC2650BAC100183F16 /* SmokingAreaViewController.xib */ = {isa = PBXFileReference; lastKnownFileType = file.xib; path = SmokingAreaViewController.xib; sourceTree = "<group>"; };
		94E227D22650C74300183F16 /* TableViewCell.swift */ = {isa = PBXFileReference; lastKnownFileType = sourcecode.swift; path = TableViewCell.swift; sourceTree = "<group>"; };
		94E227D32650C74300183F16 /* TableViewCell.xib */ = {isa = PBXFileReference; lastKnownFileType = file.xib; path = TableViewCell.xib; sourceTree = "<group>"; };
		BED63AC9D3D50748301DDA32 /* Pods_MapApp.framework */ = {isa = PBXFileReference; explicitFileType = wrapper.framework; includeInIndex = 0; path = Pods_MapApp.framework; sourceTree = BUILT_PRODUCTS_DIR; };
/* End PBXFileReference section */

/* Begin PBXFrameworksBuildPhase section */
		94A4F64725E23E2800BD0320 /* Frameworks */ = {
			isa = PBXFrameworksBuildPhase;
			buildActionMask = 2147483647;
			files = (
				1C7CCC000A7CCD32E76015C1 /* Pods_MapApp.framework in Frameworks */,
			);
			runOnlyForDeploymentPostprocessing = 0;
		};
		94A4F65D25E23E2A00BD0320 /* Frameworks */ = {
			isa = PBXFrameworksBuildPhase;
			buildActionMask = 2147483647;
			files = (
				729D72B27657ACFE45A5011C /* Pods_MapAppTests.framework in Frameworks */,
			);
			runOnlyForDeploymentPostprocessing = 0;
		};
		94A4F66825E23E2A00BD0320 /* Frameworks */ = {
			isa = PBXFrameworksBuildPhase;
			buildActionMask = 2147483647;
			files = (
				FBB9B67EF7CAE0956167EE38 /* Pods_MapApp_MapAppUITests.framework in Frameworks */,
			);
			runOnlyForDeploymentPostprocessing = 0;
		};
/* End PBXFrameworksBuildPhase section */

/* Begin PBXGroup section */
		949E414225EA5D2400A6DD75 /* Top */ = {
			isa = PBXGroup;
			children = (
				94A4F6B325E2455C00BD0320 /* ViewController.swift */,
				947838882621709C00AE513A /* PoiItem.swift */,
				4D319C12261DCB0C0079D287 /* DetailModalViewController.swift */,
				4D319C13261DCB0C0079D287 /* DetailModalViewController.xib */,
				9478388D2633C88B00AE513A /* EditViewController.swift */,
				9478388E2633C88B00AE513A /* EditViewController.xib */,
				94B9134F260EFADD00292165 /* TermViewController.swift */,
				94B91350260EFADD00292165 /* TermViewController.xib */,
				94B91348260EECEA00292165 /* AgreeViewController.swift */,
				94B91349260EECEA00292165 /* AgreeViewController.xib */,
				94A4F6B425E2455C00BD0320 /* ViewController.xib */,
				949E414625EA5D6C00A6DD75 /* TopHalfModalViewController.swift */,
				949E414725EA5D6C00A6DD75 /* TopHalfModalViewController.xib */,
			);
			path = Top;
			sourceTree = "<group>";
		};
		949E90ED25F507B8002461EE /* Add */ = {
			isa = PBXGroup;
			children = (
				949E90E625F507A0002461EE /* AddViewController.swift */,
				949E90E725F507A0002461EE /* AddViewController.xib */,
				940E944425F7573F00632393 /* SelectPlaceViewController.swift */,
				940E944525F7573F00632393 /* SelectPlaceViewController.xib */,
				94E227CB2650BAC100183F16 /* SmokingAreaViewController.swift */,
				94E227D22650C74300183F16 /* TableViewCell.swift */,
				94E227D32650C74300183F16 /* TableViewCell.xib */,
				94E227CC2650BAC100183F16 /* SmokingAreaViewController.xib */,
			);
			path = Add;
			sourceTree = "<group>";
		};
		94A4F64125E23E2800BD0320 = {
			isa = PBXGroup;
			children = (
				94A4F64C25E23E2800BD0320 /* MapApp */,
				94A4F66325E23E2A00BD0320 /* MapAppTests */,
				94A4F66E25E23E2A00BD0320 /* MapAppUITests */,
				94A4F64B25E23E2800BD0320 /* Products */,
				FA5C11B953DFD3A6B82D0D4D /* Pods */,
				E7FAD9EDB5353C1F9D1A735E /* Frameworks */,
			);
			sourceTree = "<group>";
		};
		94A4F64B25E23E2800BD0320 /* Products */ = {
			isa = PBXGroup;
			children = (
				94A4F64A25E23E2800BD0320 /* MapApp.app */,
				94A4F66025E23E2A00BD0320 /* MapAppTests.xctest */,
				94A4F66B25E23E2A00BD0320 /* MapAppUITests.xctest */,
			);
			name = Products;
			sourceTree = "<group>";
		};
		94A4F64C25E23E2800BD0320 /* MapApp */ = {
			isa = PBXGroup;
			children = (
				940E944B25F795BF00632393 /* MapModel.swift */,
				94A4F64D25E23E2800BD0320 /* AppDelegate.swift */,
				949E414225EA5D2400A6DD75 /* Top */,
				949E90ED25F507B8002461EE /* Add */,
				94A4F65625E23E2A00BD0320 /* Assets.xcassets */,
				94A4F65825E23E2A00BD0320 /* LaunchScreen.storyboard */,
				94A4F65B25E23E2A00BD0320 /* Info.plist */,
				94A4F6A825E243B500BD0320 /* GoogleService-Info.plist */,
			);
			path = MapApp;
			sourceTree = "<group>";
		};
		94A4F66325E23E2A00BD0320 /* MapAppTests */ = {
			isa = PBXGroup;
			children = (
				94A4F66425E23E2A00BD0320 /* MapAppTests.swift */,
				94A4F66625E23E2A00BD0320 /* Info.plist */,
			);
			path = MapAppTests;
			sourceTree = "<group>";
		};
		94A4F66E25E23E2A00BD0320 /* MapAppUITests */ = {
			isa = PBXGroup;
			children = (
				94A4F66F25E23E2A00BD0320 /* MapAppUITests.swift */,
				94A4F67125E23E2A00BD0320 /* Info.plist */,
			);
			path = MapAppUITests;
			sourceTree = "<group>";
		};
		E7FAD9EDB5353C1F9D1A735E /* Frameworks */ = {
			isa = PBXGroup;
			children = (
				BED63AC9D3D50748301DDA32 /* Pods_MapApp.framework */,
				590479228AD17CE7FA47A68D /* Pods_MapApp_MapAppUITests.framework */,
				0AB0E38358FB24E9A17D8044 /* Pods_MapAppTests.framework */,
			);
			name = Frameworks;
			sourceTree = "<group>";
		};
		FA5C11B953DFD3A6B82D0D4D /* Pods */ = {
			isa = PBXGroup;
			children = (
				694F71D003EFEB0D1E7A8A92 /* Pods-MapApp.debug.xcconfig */,
				0798B5B4E0CF0525DF82A670 /* Pods-MapApp.release.xcconfig */,
				1EE1D26CAA91D3358AC90B8B /* Pods-MapApp-MapAppUITests.debug.xcconfig */,
				38AA23DE2FB2A3F00B740734 /* Pods-MapApp-MapAppUITests.release.xcconfig */,
				5CAEBEFEBCA764DD097CE1E6 /* Pods-MapAppTests.debug.xcconfig */,
				1AA204DF033FE482035D2B15 /* Pods-MapAppTests.release.xcconfig */,
			);
			path = Pods;
			sourceTree = "<group>";
		};
/* End PBXGroup section */

/* Begin PBXNativeTarget section */
		94A4F64925E23E2800BD0320 /* MapApp */ = {
			isa = PBXNativeTarget;
			buildConfigurationList = 94A4F67425E23E2A00BD0320 /* Build configuration list for PBXNativeTarget "MapApp" */;
			buildPhases = (
				367029F638CE8982BA1A7338 /* [CP] Check Pods Manifest.lock */,
				94A4F64625E23E2800BD0320 /* Sources */,
				94A4F64725E23E2800BD0320 /* Frameworks */,
				94A4F64825E23E2800BD0320 /* Resources */,
				659D9522CB4D19DF45EB150A /* [CP] Embed Pods Frameworks */,
				84E06FC6969A65CD228D0B92 /* [CP] Copy Pods Resources */,
			);
			buildRules = (
			);
			dependencies = (
			);
			name = MapApp;
			productName = MapApp;
			productReference = 94A4F64A25E23E2800BD0320 /* MapApp.app */;
			productType = "com.apple.product-type.application";
		};
		94A4F65F25E23E2A00BD0320 /* MapAppTests */ = {
			isa = PBXNativeTarget;
			buildConfigurationList = 94A4F67725E23E2A00BD0320 /* Build configuration list for PBXNativeTarget "MapAppTests" */;
			buildPhases = (
				3B1BAF036E9C96248E34D546 /* [CP] Check Pods Manifest.lock */,
				94A4F65C25E23E2A00BD0320 /* Sources */,
				94A4F65D25E23E2A00BD0320 /* Frameworks */,
				94A4F65E25E23E2A00BD0320 /* Resources */,
			);
			buildRules = (
			);
			dependencies = (
				94A4F66225E23E2A00BD0320 /* PBXTargetDependency */,
			);
			name = MapAppTests;
			productName = MapAppTests;
			productReference = 94A4F66025E23E2A00BD0320 /* MapAppTests.xctest */;
			productType = "com.apple.product-type.bundle.unit-test";
		};
		94A4F66A25E23E2A00BD0320 /* MapAppUITests */ = {
			isa = PBXNativeTarget;
			buildConfigurationList = 94A4F67A25E23E2A00BD0320 /* Build configuration list for PBXNativeTarget "MapAppUITests" */;
			buildPhases = (
				C4A1AB478A8F12A0C6926942 /* [CP] Check Pods Manifest.lock */,
				94A4F66725E23E2A00BD0320 /* Sources */,
				94A4F66825E23E2A00BD0320 /* Frameworks */,
				94A4F66925E23E2A00BD0320 /* Resources */,
				2FFA595510F1009A416E8127 /* [CP] Embed Pods Frameworks */,
				36DE9B6D84C07F6F8FFB8800 /* [CP] Copy Pods Resources */,
			);
			buildRules = (
			);
			dependencies = (
				94A4F66D25E23E2A00BD0320 /* PBXTargetDependency */,
			);
			name = MapAppUITests;
			productName = MapAppUITests;
			productReference = 94A4F66B25E23E2A00BD0320 /* MapAppUITests.xctest */;
			productType = "com.apple.product-type.bundle.ui-testing";
		};
/* End PBXNativeTarget section */

/* Begin PBXProject section */
		94A4F64225E23E2800BD0320 /* Project object */ = {
			isa = PBXProject;
			attributes = {
				LastSwiftUpdateCheck = 1240;
				LastUpgradeCheck = 1240;
				TargetAttributes = {
					94A4F64925E23E2800BD0320 = {
						CreatedOnToolsVersion = 12.4;
					};
					94A4F65F25E23E2A00BD0320 = {
						CreatedOnToolsVersion = 12.4;
						TestTargetID = 94A4F64925E23E2800BD0320;
					};
					94A4F66A25E23E2A00BD0320 = {
						CreatedOnToolsVersion = 12.4;
						TestTargetID = 94A4F64925E23E2800BD0320;
					};
				};
			};
			buildConfigurationList = 94A4F64525E23E2800BD0320 /* Build configuration list for PBXProject "MapApp" */;
			compatibilityVersion = "Xcode 9.3";
			developmentRegion = en;
			hasScannedForEncodings = 0;
			knownRegions = (
				en,
				Base,
			);
			mainGroup = 94A4F64125E23E2800BD0320;
			productRefGroup = 94A4F64B25E23E2800BD0320 /* Products */;
			projectDirPath = "";
			projectRoot = "";
			targets = (
				94A4F64925E23E2800BD0320 /* MapApp */,
				94A4F65F25E23E2A00BD0320 /* MapAppTests */,
				94A4F66A25E23E2A00BD0320 /* MapAppUITests */,
			);
		};
/* End PBXProject section */

/* Begin PBXResourcesBuildPhase section */
		94A4F64825E23E2800BD0320 /* Resources */ = {
			isa = PBXResourcesBuildPhase;
			buildActionMask = 2147483647;
			files = (
				949E90E925F507A0002461EE /* AddViewController.xib in Resources */,
				940E944725F7573F00632393 /* SelectPlaceViewController.xib in Resources */,
				94A4F65A25E23E2A00BD0320 /* LaunchScreen.storyboard in Resources */,
				4D319C15261DCB0D0079D287 /* DetailModalViewController.xib in Resources */,
				94E227D52650C74300183F16 /* TableViewCell.xib in Resources */,
				94B9134B260EECEA00292165 /* AgreeViewController.xib in Resources */,
				949E414925EA5D6C00A6DD75 /* TopHalfModalViewController.xib in Resources */,
				94E227CE2650BAC100183F16 /* SmokingAreaViewController.xib in Resources */,
				94A4F65725E23E2A00BD0320 /* Assets.xcassets in Resources */,
				94A4F6B625E2455C00BD0320 /* ViewController.xib in Resources */,
				94A4F6A925E243B500BD0320 /* GoogleService-Info.plist in Resources */,
				94B91352260EFADD00292165 /* TermViewController.xib in Resources */,
				947838902633C88B00AE513A /* EditViewController.xib in Resources */,
			);
			runOnlyForDeploymentPostprocessing = 0;
		};
		94A4F65E25E23E2A00BD0320 /* Resources */ = {
			isa = PBXResourcesBuildPhase;
			buildActionMask = 2147483647;
			files = (
			);
			runOnlyForDeploymentPostprocessing = 0;
		};
		94A4F66925E23E2A00BD0320 /* Resources */ = {
			isa = PBXResourcesBuildPhase;
			buildActionMask = 2147483647;
			files = (
			);
			runOnlyForDeploymentPostprocessing = 0;
		};
/* End PBXResourcesBuildPhase section */

/* Begin PBXShellScriptBuildPhase section */
		2FFA595510F1009A416E8127 /* [CP] Embed Pods Frameworks */ = {
			isa = PBXShellScriptBuildPhase;
			buildActionMask = 2147483647;
			files = (
			);
			inputFileListPaths = (
				"${PODS_ROOT}/Target Support Files/Pods-MapApp-MapAppUITests/Pods-MapApp-MapAppUITests-frameworks-${CONFIGURATION}-input-files.xcfilelist",
			);
			name = "[CP] Embed Pods Frameworks";
			outputFileListPaths = (
				"${PODS_ROOT}/Target Support Files/Pods-MapApp-MapAppUITests/Pods-MapApp-MapAppUITests-frameworks-${CONFIGURATION}-output-files.xcfilelist",
			);
			runOnlyForDeploymentPostprocessing = 0;
			shellPath = /bin/sh;
			shellScript = "\"${PODS_ROOT}/Target Support Files/Pods-MapApp-MapAppUITests/Pods-MapApp-MapAppUITests-frameworks.sh\"\n";
			showEnvVarsInLog = 0;
		};
		367029F638CE8982BA1A7338 /* [CP] Check Pods Manifest.lock */ = {
			isa = PBXShellScriptBuildPhase;
			buildActionMask = 2147483647;
			files = (
			);
			inputFileListPaths = (
			);
			inputPaths = (
				"${PODS_PODFILE_DIR_PATH}/Podfile.lock",
				"${PODS_ROOT}/Manifest.lock",
			);
			name = "[CP] Check Pods Manifest.lock";
			outputFileListPaths = (
			);
			outputPaths = (
				"$(DERIVED_FILE_DIR)/Pods-MapApp-checkManifestLockResult.txt",
			);
			runOnlyForDeploymentPostprocessing = 0;
			shellPath = /bin/sh;
			shellScript = "diff \"${PODS_PODFILE_DIR_PATH}/Podfile.lock\" \"${PODS_ROOT}/Manifest.lock\" > /dev/null\nif [ $? != 0 ] ; then\n    # print error to STDERR\n    echo \"error: The sandbox is not in sync with the Podfile.lock. Run 'pod install' or update your CocoaPods installation.\" >&2\n    exit 1\nfi\n# This output is used by Xcode 'outputs' to avoid re-running this script phase.\necho \"SUCCESS\" > \"${SCRIPT_OUTPUT_FILE_0}\"\n";
			showEnvVarsInLog = 0;
		};
		36DE9B6D84C07F6F8FFB8800 /* [CP] Copy Pods Resources */ = {
			isa = PBXShellScriptBuildPhase;
			buildActionMask = 2147483647;
			files = (
			);
			inputFileListPaths = (
				"${PODS_ROOT}/Target Support Files/Pods-MapApp-MapAppUITests/Pods-MapApp-MapAppUITests-resources-${CONFIGURATION}-input-files.xcfilelist",
			);
			name = "[CP] Copy Pods Resources";
			outputFileListPaths = (
				"${PODS_ROOT}/Target Support Files/Pods-MapApp-MapAppUITests/Pods-MapApp-MapAppUITests-resources-${CONFIGURATION}-output-files.xcfilelist",
			);
			runOnlyForDeploymentPostprocessing = 0;
			shellPath = /bin/sh;
			shellScript = "\"${PODS_ROOT}/Target Support Files/Pods-MapApp-MapAppUITests/Pods-MapApp-MapAppUITests-resources.sh\"\n";
			showEnvVarsInLog = 0;
		};
		3B1BAF036E9C96248E34D546 /* [CP] Check Pods Manifest.lock */ = {
			isa = PBXShellScriptBuildPhase;
			buildActionMask = 2147483647;
			files = (
			);
			inputFileListPaths = (
			);
			inputPaths = (
				"${PODS_PODFILE_DIR_PATH}/Podfile.lock",
				"${PODS_ROOT}/Manifest.lock",
			);
			name = "[CP] Check Pods Manifest.lock";
			outputFileListPaths = (
			);
			outputPaths = (
				"$(DERIVED_FILE_DIR)/Pods-MapAppTests-checkManifestLockResult.txt",
			);
			runOnlyForDeploymentPostprocessing = 0;
			shellPath = /bin/sh;
			shellScript = "diff \"${PODS_PODFILE_DIR_PATH}/Podfile.lock\" \"${PODS_ROOT}/Manifest.lock\" > /dev/null\nif [ $? != 0 ] ; then\n    # print error to STDERR\n    echo \"error: The sandbox is not in sync with the Podfile.lock. Run 'pod install' or update your CocoaPods installation.\" >&2\n    exit 1\nfi\n# This output is used by Xcode 'outputs' to avoid re-running this script phase.\necho \"SUCCESS\" > \"${SCRIPT_OUTPUT_FILE_0}\"\n";
			showEnvVarsInLog = 0;
		};
		659D9522CB4D19DF45EB150A /* [CP] Embed Pods Frameworks */ = {
			isa = PBXShellScriptBuildPhase;
			buildActionMask = 2147483647;
			files = (
			);
			inputFileListPaths = (
				"${PODS_ROOT}/Target Support Files/Pods-MapApp/Pods-MapApp-frameworks-${CONFIGURATION}-input-files.xcfilelist",
			);
			name = "[CP] Embed Pods Frameworks";
			outputFileListPaths = (
				"${PODS_ROOT}/Target Support Files/Pods-MapApp/Pods-MapApp-frameworks-${CONFIGURATION}-output-files.xcfilelist",
			);
			runOnlyForDeploymentPostprocessing = 0;
			shellPath = /bin/sh;
			shellScript = "\"${PODS_ROOT}/Target Support Files/Pods-MapApp/Pods-MapApp-frameworks.sh\"\n";
			showEnvVarsInLog = 0;
		};
		84E06FC6969A65CD228D0B92 /* [CP] Copy Pods Resources */ = {
			isa = PBXShellScriptBuildPhase;
			buildActionMask = 2147483647;
			files = (
			);
			inputFileListPaths = (
				"${PODS_ROOT}/Target Support Files/Pods-MapApp/Pods-MapApp-resources-${CONFIGURATION}-input-files.xcfilelist",
			);
			name = "[CP] Copy Pods Resources";
			outputFileListPaths = (
				"${PODS_ROOT}/Target Support Files/Pods-MapApp/Pods-MapApp-resources-${CONFIGURATION}-output-files.xcfilelist",
			);
			runOnlyForDeploymentPostprocessing = 0;
			shellPath = /bin/sh;
			shellScript = "\"${PODS_ROOT}/Target Support Files/Pods-MapApp/Pods-MapApp-resources.sh\"\n";
			showEnvVarsInLog = 0;
		};
		C4A1AB478A8F12A0C6926942 /* [CP] Check Pods Manifest.lock */ = {
			isa = PBXShellScriptBuildPhase;
			buildActionMask = 2147483647;
			files = (
			);
			inputFileListPaths = (
			);
			inputPaths = (
				"${PODS_PODFILE_DIR_PATH}/Podfile.lock",
				"${PODS_ROOT}/Manifest.lock",
			);
			name = "[CP] Check Pods Manifest.lock";
			outputFileListPaths = (
			);
			outputPaths = (
				"$(DERIVED_FILE_DIR)/Pods-MapApp-MapAppUITests-checkManifestLockResult.txt",
			);
			runOnlyForDeploymentPostprocessing = 0;
			shellPath = /bin/sh;
			shellScript = "diff \"${PODS_PODFILE_DIR_PATH}/Podfile.lock\" \"${PODS_ROOT}/Manifest.lock\" > /dev/null\nif [ $? != 0 ] ; then\n    # print error to STDERR\n    echo \"error: The sandbox is not in sync with the Podfile.lock. Run 'pod install' or update your CocoaPods installation.\" >&2\n    exit 1\nfi\n# This output is used by Xcode 'outputs' to avoid re-running this script phase.\necho \"SUCCESS\" > \"${SCRIPT_OUTPUT_FILE_0}\"\n";
			showEnvVarsInLog = 0;
		};
/* End PBXShellScriptBuildPhase section */

/* Begin PBXSourcesBuildPhase section */
		94A4F64625E23E2800BD0320 /* Sources */ = {
			isa = PBXSourcesBuildPhase;
			buildActionMask = 2147483647;
			files = (
				94E227D42650C74300183F16 /* TableViewCell.swift in Sources */,
				949E414825EA5D6C00A6DD75 /* TopHalfModalViewController.swift in Sources */,
				4D319C14261DCB0D0079D287 /* DetailModalViewController.swift in Sources */,
				94E227CD2650BAC100183F16 /* SmokingAreaViewController.swift in Sources */,
				94B9134A260EECEA00292165 /* AgreeViewController.swift in Sources */,
				94B91351260EFADD00292165 /* TermViewController.swift in Sources */,
				940E944625F7573F00632393 /* SelectPlaceViewController.swift in Sources */,
				94A4F6B525E2455C00BD0320 /* ViewController.swift in Sources */,
				949E90E825F507A0002461EE /* AddViewController.swift in Sources */,
				940E944C25F795BF00632393 /* MapModel.swift in Sources */,
				94A4F64E25E23E2800BD0320 /* AppDelegate.swift in Sources */,
				9478388F2633C88B00AE513A /* EditViewController.swift in Sources */,
				947838892621709C00AE513A /* PoiItem.swift in Sources */,
			);
			runOnlyForDeploymentPostprocessing = 0;
		};
		94A4F65C25E23E2A00BD0320 /* Sources */ = {
			isa = PBXSourcesBuildPhase;
			buildActionMask = 2147483647;
			files = (
				94A4F66525E23E2A00BD0320 /* MapAppTests.swift in Sources */,
			);
			runOnlyForDeploymentPostprocessing = 0;
		};
		94A4F66725E23E2A00BD0320 /* Sources */ = {
			isa = PBXSourcesBuildPhase;
			buildActionMask = 2147483647;
			files = (
				94A4F67025E23E2A00BD0320 /* MapAppUITests.swift in Sources */,
			);
			runOnlyForDeploymentPostprocessing = 0;
		};
/* End PBXSourcesBuildPhase section */

/* Begin PBXTargetDependency section */
		94A4F66225E23E2A00BD0320 /* PBXTargetDependency */ = {
			isa = PBXTargetDependency;
			target = 94A4F64925E23E2800BD0320 /* MapApp */;
			targetProxy = 94A4F66125E23E2A00BD0320 /* PBXContainerItemProxy */;
		};
		94A4F66D25E23E2A00BD0320 /* PBXTargetDependency */ = {
			isa = PBXTargetDependency;
			target = 94A4F64925E23E2800BD0320 /* MapApp */;
			targetProxy = 94A4F66C25E23E2A00BD0320 /* PBXContainerItemProxy */;
		};
/* End PBXTargetDependency section */

/* Begin PBXVariantGroup section */
		94A4F65825E23E2A00BD0320 /* LaunchScreen.storyboard */ = {
			isa = PBXVariantGroup;
			children = (
				94A4F65925E23E2A00BD0320 /* Base */,
			);
			name = LaunchScreen.storyboard;
			sourceTree = "<group>";
		};
/* End PBXVariantGroup section */

/* Begin XCBuildConfiguration section */
		94A4F67225E23E2A00BD0320 /* Debug */ = {
			isa = XCBuildConfiguration;
			buildSettings = {
				ALWAYS_SEARCH_USER_PATHS = NO;
				CLANG_ANALYZER_NONNULL = YES;
				CLANG_ANALYZER_NUMBER_OBJECT_CONVERSION = YES_AGGRESSIVE;
				CLANG_CXX_LANGUAGE_STANDARD = "gnu++14";
				CLANG_CXX_LIBRARY = "libc++";
				CLANG_ENABLE_MODULES = YES;
				CLANG_ENABLE_OBJC_ARC = YES;
				CLANG_ENABLE_OBJC_WEAK = YES;
				CLANG_WARN_BLOCK_CAPTURE_AUTORELEASING = YES;
				CLANG_WARN_BOOL_CONVERSION = YES;
				CLANG_WARN_COMMA = YES;
				CLANG_WARN_CONSTANT_CONVERSION = YES;
				CLANG_WARN_DEPRECATED_OBJC_IMPLEMENTATIONS = YES;
				CLANG_WARN_DIRECT_OBJC_ISA_USAGE = YES_ERROR;
				CLANG_WARN_DOCUMENTATION_COMMENTS = YES;
				CLANG_WARN_EMPTY_BODY = YES;
				CLANG_WARN_ENUM_CONVERSION = YES;
				CLANG_WARN_INFINITE_RECURSION = YES;
				CLANG_WARN_INT_CONVERSION = YES;
				CLANG_WARN_NON_LITERAL_NULL_CONVERSION = YES;
				CLANG_WARN_OBJC_IMPLICIT_RETAIN_SELF = YES;
				CLANG_WARN_OBJC_LITERAL_CONVERSION = YES;
				CLANG_WARN_OBJC_ROOT_CLASS = YES_ERROR;
				CLANG_WARN_QUOTED_INCLUDE_IN_FRAMEWORK_HEADER = YES;
				CLANG_WARN_RANGE_LOOP_ANALYSIS = YES;
				CLANG_WARN_STRICT_PROTOTYPES = YES;
				CLANG_WARN_SUSPICIOUS_MOVE = YES;
				CLANG_WARN_UNGUARDED_AVAILABILITY = YES_AGGRESSIVE;
				CLANG_WARN_UNREACHABLE_CODE = YES;
				CLANG_WARN__DUPLICATE_METHOD_MATCH = YES;
				COPY_PHASE_STRIP = NO;
				DEBUG_INFORMATION_FORMAT = dwarf;
				ENABLE_STRICT_OBJC_MSGSEND = YES;
				ENABLE_TESTABILITY = YES;
				GCC_C_LANGUAGE_STANDARD = gnu11;
				GCC_DYNAMIC_NO_PIC = NO;
				GCC_NO_COMMON_BLOCKS = YES;
				GCC_OPTIMIZATION_LEVEL = 0;
				GCC_PREPROCESSOR_DEFINITIONS = (
					"DEBUG=1",
					"$(inherited)",
				);
				GCC_WARN_64_TO_32_BIT_CONVERSION = YES;
				GCC_WARN_ABOUT_RETURN_TYPE = YES_ERROR;
				GCC_WARN_UNDECLARED_SELECTOR = YES;
				GCC_WARN_UNINITIALIZED_AUTOS = YES_AGGRESSIVE;
				GCC_WARN_UNUSED_FUNCTION = YES;
				GCC_WARN_UNUSED_VARIABLE = YES;
				IPHONEOS_DEPLOYMENT_TARGET = 14.4;
				MTL_ENABLE_DEBUG_INFO = INCLUDE_SOURCE;
				MTL_FAST_MATH = YES;
				ONLY_ACTIVE_ARCH = YES;
				SDKROOT = iphoneos;
				SWIFT_ACTIVE_COMPILATION_CONDITIONS = DEBUG;
				SWIFT_OPTIMIZATION_LEVEL = "-Onone";
			};
			name = Debug;
		};
		94A4F67325E23E2A00BD0320 /* Release */ = {
			isa = XCBuildConfiguration;
			buildSettings = {
				ALWAYS_SEARCH_USER_PATHS = NO;
				CLANG_ANALYZER_NONNULL = YES;
				CLANG_ANALYZER_NUMBER_OBJECT_CONVERSION = YES_AGGRESSIVE;
				CLANG_CXX_LANGUAGE_STANDARD = "gnu++14";
				CLANG_CXX_LIBRARY = "libc++";
				CLANG_ENABLE_MODULES = YES;
				CLANG_ENABLE_OBJC_ARC = YES;
				CLANG_ENABLE_OBJC_WEAK = YES;
				CLANG_WARN_BLOCK_CAPTURE_AUTORELEASING = YES;
				CLANG_WARN_BOOL_CONVERSION = YES;
				CLANG_WARN_COMMA = YES;
				CLANG_WARN_CONSTANT_CONVERSION = YES;
				CLANG_WARN_DEPRECATED_OBJC_IMPLEMENTATIONS = YES;
				CLANG_WARN_DIRECT_OBJC_ISA_USAGE = YES_ERROR;
				CLANG_WARN_DOCUMENTATION_COMMENTS = YES;
				CLANG_WARN_EMPTY_BODY = YES;
				CLANG_WARN_ENUM_CONVERSION = YES;
				CLANG_WARN_INFINITE_RECURSION = YES;
				CLANG_WARN_INT_CONVERSION = YES;
				CLANG_WARN_NON_LITERAL_NULL_CONVERSION = YES;
				CLANG_WARN_OBJC_IMPLICIT_RETAIN_SELF = YES;
				CLANG_WARN_OBJC_LITERAL_CONVERSION = YES;
				CLANG_WARN_OBJC_ROOT_CLASS = YES_ERROR;
				CLANG_WARN_QUOTED_INCLUDE_IN_FRAMEWORK_HEADER = YES;
				CLANG_WARN_RANGE_LOOP_ANALYSIS = YES;
				CLANG_WARN_STRICT_PROTOTYPES = YES;
				CLANG_WARN_SUSPICIOUS_MOVE = YES;
				CLANG_WARN_UNGUARDED_AVAILABILITY = YES_AGGRESSIVE;
				CLANG_WARN_UNREACHABLE_CODE = YES;
				CLANG_WARN__DUPLICATE_METHOD_MATCH = YES;
				COPY_PHASE_STRIP = NO;
				DEBUG_INFORMATION_FORMAT = "dwarf-with-dsym";
				ENABLE_NS_ASSERTIONS = NO;
				ENABLE_STRICT_OBJC_MSGSEND = YES;
				GCC_C_LANGUAGE_STANDARD = gnu11;
				GCC_NO_COMMON_BLOCKS = YES;
				GCC_WARN_64_TO_32_BIT_CONVERSION = YES;
				GCC_WARN_ABOUT_RETURN_TYPE = YES_ERROR;
				GCC_WARN_UNDECLARED_SELECTOR = YES;
				GCC_WARN_UNINITIALIZED_AUTOS = YES_AGGRESSIVE;
				GCC_WARN_UNUSED_FUNCTION = YES;
				GCC_WARN_UNUSED_VARIABLE = YES;
				IPHONEOS_DEPLOYMENT_TARGET = 14.4;
				MTL_ENABLE_DEBUG_INFO = NO;
				MTL_FAST_MATH = YES;
				SDKROOT = iphoneos;
				SWIFT_COMPILATION_MODE = wholemodule;
				SWIFT_OPTIMIZATION_LEVEL = "-O";
				VALIDATE_PRODUCT = YES;
			};
			name = Release;
		};
		94A4F67525E23E2A00BD0320 /* Debug */ = {
			isa = XCBuildConfiguration;
			baseConfigurationReference = 694F71D003EFEB0D1E7A8A92 /* Pods-MapApp.debug.xcconfig */;
			buildSettings = {
				ASSETCATALOG_COMPILER_APPICON_NAME = AppIcon;
				ASSETCATALOG_COMPILER_GLOBAL_ACCENT_COLOR_NAME = AccentColor;
				CODE_SIGN_STYLE = Automatic;
				DEVELOPMENT_TEAM = 4225JQURU5;
				INFOPLIST_FILE = MapApp/Info.plist;
				LD_RUNPATH_SEARCH_PATHS = (
					"$(inherited)",
					"@executable_path/Frameworks",
				);
				PRODUCT_BUNDLE_IDENTIFIER = kuwahara.MapApp;
				PRODUCT_NAME = "$(TARGET_NAME)";
				SWIFT_VERSION = 5.0;
				TARGETED_DEVICE_FAMILY = 1;
			};
			name = Debug;
		};
		94A4F67625E23E2A00BD0320 /* Release */ = {
			isa = XCBuildConfiguration;
			baseConfigurationReference = 0798B5B4E0CF0525DF82A670 /* Pods-MapApp.release.xcconfig */;
			buildSettings = {
				ASSETCATALOG_COMPILER_APPICON_NAME = AppIcon;
				ASSETCATALOG_COMPILER_GLOBAL_ACCENT_COLOR_NAME = AccentColor;
				CODE_SIGN_STYLE = Automatic;
				DEVELOPMENT_TEAM = 4225JQURU5;
				INFOPLIST_FILE = MapApp/Info.plist;
				LD_RUNPATH_SEARCH_PATHS = (
					"$(inherited)",
					"@executable_path/Frameworks",
				);
				PRODUCT_BUNDLE_IDENTIFIER = kuwahara.MapApp;
				PRODUCT_NAME = "$(TARGET_NAME)";
				SWIFT_VERSION = 5.0;
				TARGETED_DEVICE_FAMILY = 1;
			};
			name = Release;
		};
		94A4F67825E23E2A00BD0320 /* Debug */ = {
			isa = XCBuildConfiguration;
			baseConfigurationReference = 5CAEBEFEBCA764DD097CE1E6 /* Pods-MapAppTests.debug.xcconfig */;
			buildSettings = {
				ALWAYS_EMBED_SWIFT_STANDARD_LIBRARIES = YES;
				BUNDLE_LOADER = "$(TEST_HOST)";
				CODE_SIGN_STYLE = Automatic;
				DEVELOPMENT_TEAM = 4225JQURU5;
				INFOPLIST_FILE = MapAppTests/Info.plist;
				IPHONEOS_DEPLOYMENT_TARGET = 14.4;
				LD_RUNPATH_SEARCH_PATHS = (
					"$(inherited)",
					"@executable_path/Frameworks",
					"@loader_path/Frameworks",
				);
				PRODUCT_BUNDLE_IDENTIFIER = kuwahara.MapAppTests;
				PRODUCT_NAME = "$(TARGET_NAME)";
				SWIFT_VERSION = 5.0;
				TARGETED_DEVICE_FAMILY = "1,2";
				TEST_HOST = "$(BUILT_PRODUCTS_DIR)/MapApp.app/MapApp";
			};
			name = Debug;
		};
		94A4F67925E23E2A00BD0320 /* Release */ = {
			isa = XCBuildConfiguration;
			baseConfigurationReference = 1AA204DF033FE482035D2B15 /* Pods-MapAppTests.release.xcconfig */;
			buildSettings = {
				ALWAYS_EMBED_SWIFT_STANDARD_LIBRARIES = YES;
				BUNDLE_LOADER = "$(TEST_HOST)";
				CODE_SIGN_STYLE = Automatic;
				DEVELOPMENT_TEAM = 4225JQURU5;
				INFOPLIST_FILE = MapAppTests/Info.plist;
				IPHONEOS_DEPLOYMENT_TARGET = 14.4;
				LD_RUNPATH_SEARCH_PATHS = (
					"$(inherited)",
					"@executable_path/Frameworks",
					"@loader_path/Frameworks",
				);
				PRODUCT_BUNDLE_IDENTIFIER = kuwahara.MapAppTests;
				PRODUCT_NAME = "$(TARGET_NAME)";
				SWIFT_VERSION = 5.0;
				TARGETED_DEVICE_FAMILY = "1,2";
				TEST_HOST = "$(BUILT_PRODUCTS_DIR)/MapApp.app/MapApp";
			};
			name = Release;
		};
		94A4F67B25E23E2A00BD0320 /* Debug */ = {
			isa = XCBuildConfiguration;
			baseConfigurationReference = 1EE1D26CAA91D3358AC90B8B /* Pods-MapApp-MapAppUITests.debug.xcconfig */;
			buildSettings = {
				ALWAYS_EMBED_SWIFT_STANDARD_LIBRARIES = YES;
				CODE_SIGN_STYLE = Automatic;
				DEVELOPMENT_TEAM = 4225JQURU5;
				INFOPLIST_FILE = MapAppUITests/Info.plist;
				LD_RUNPATH_SEARCH_PATHS = (
					"$(inherited)",
					"@executable_path/Frameworks",
					"@loader_path/Frameworks",
				);
				PRODUCT_BUNDLE_IDENTIFIER = kuwahara.MapAppUITests;
				PRODUCT_NAME = "$(TARGET_NAME)";
				SWIFT_VERSION = 5.0;
				TARGETED_DEVICE_FAMILY = "1,2";
				TEST_TARGET_NAME = MapApp;
			};
			name = Debug;
		};
		94A4F67C25E23E2A00BD0320 /* Release */ = {
			isa = XCBuildConfiguration;
			baseConfigurationReference = 38AA23DE2FB2A3F00B740734 /* Pods-MapApp-MapAppUITests.release.xcconfig */;
			buildSettings = {
				ALWAYS_EMBED_SWIFT_STANDARD_LIBRARIES = YES;
				CODE_SIGN_STYLE = Automatic;
				DEVELOPMENT_TEAM = 4225JQURU5;
				INFOPLIST_FILE = MapAppUITests/Info.plist;
				LD_RUNPATH_SEARCH_PATHS = (
					"$(inherited)",
					"@executable_path/Frameworks",
					"@loader_path/Frameworks",
				);
				PRODUCT_BUNDLE_IDENTIFIER = kuwahara.MapAppUITests;
				PRODUCT_NAME = "$(TARGET_NAME)";
				SWIFT_VERSION = 5.0;
				TARGETED_DEVICE_FAMILY = "1,2";
				TEST_TARGET_NAME = MapApp;
			};
			name = Release;
		};
/* End XCBuildConfiguration section */

/* Begin XCConfigurationList section */
		94A4F64525E23E2800BD0320 /* Build configuration list for PBXProject "MapApp" */ = {
			isa = XCConfigurationList;
			buildConfigurations = (
				94A4F67225E23E2A00BD0320 /* Debug */,
				94A4F67325E23E2A00BD0320 /* Release */,
			);
			defaultConfigurationIsVisible = 0;
			defaultConfigurationName = Release;
		};
		94A4F67425E23E2A00BD0320 /* Build configuration list for PBXNativeTarget "MapApp" */ = {
			isa = XCConfigurationList;
			buildConfigurations = (
				94A4F67525E23E2A00BD0320 /* Debug */,
				94A4F67625E23E2A00BD0320 /* Release */,
			);
			defaultConfigurationIsVisible = 0;
			defaultConfigurationName = Release;
		};
		94A4F67725E23E2A00BD0320 /* Build configuration list for PBXNativeTarget "MapAppTests" */ = {
			isa = XCConfigurationList;
			buildConfigurations = (
				94A4F67825E23E2A00BD0320 /* Debug */,
				94A4F67925E23E2A00BD0320 /* Release */,
			);
			defaultConfigurationIsVisible = 0;
			defaultConfigurationName = Release;
		};
		94A4F67A25E23E2A00BD0320 /* Build configuration list for PBXNativeTarget "MapAppUITests" */ = {
			isa = XCConfigurationList;
			buildConfigurations = (
				94A4F67B25E23E2A00BD0320 /* Debug */,
				94A4F67C25E23E2A00BD0320 /* Release */,
			);
			defaultConfigurationIsVisible = 0;
			defaultConfigurationName = Release;
		};
/* End XCConfigurationList section */
	};
	rootObject = 94A4F64225E23E2800BD0320 /* Project object */;
}
